
Microsoft Visual Studio Solution File, Format Version 12.00
# Visual Studio Version 17
VisualStudioVersion = 17.6.33723.286
MinimumVisualStudioVersion = 10.0.40219.1
Project("{FAE04EC0-301F-11D3-BF4B-00C04F79EFBC}") = "Parcial2Web", "Parcial2Web\Parcial2Web.csproj", "{424D0900-2014-45CD-BFDF-9742907A86EB}"
EndProject
Global
	GlobalSection(SolutionConfigurationPlatforms) = preSolution
		Debug|Any CPU = Debug|Any CPU
		Release|Any CPU = Release|Any CPU
	EndGlobalSection
	GlobalSection(ProjectConfigurationPlatforms) = postSolution
		{424D0900-2014-45CD-BFDF-9742907A86EB}.Debug|Any CPU.ActiveCfg = Debug|Any CPU
		{424D0900-2014-45CD-BFDF-9742907A86EB}.Debug|Any CPU.Build.0 = Debug|Any CPU
		{424D0900-2014-45CD-BFDF-9742907A86EB}.Release|Any CPU.ActiveCfg = Release|Any CPU
		{424D0900-2014-45CD-BFDF-9742907A86EB}.Release|Any CPU.Build.0 = Release|Any CPU
	EndGlobalSection
	GlobalSection(SolutionProperties) = preSolution
		HideSolutionNode = FALSE
	EndGlobalSection
	GlobalSection(ExtensibilityGlobals) = postSolution
		SolutionGuid = {48F916EB-6EE3-4424-9B0E-9B63BD04C4AA}
	EndGlobalSection
EndGlobal
