
Microsoft Visual Studio Solution File, Format Version 12.00
# Visual Studio Version 17
VisualStudioVersion = 17.8.34330.188
MinimumVisualStudioVersion = 10.0.40219.1
Project("{FAE04EC0-301F-11D3-BF4B-00C04F79EFBC}") = "Parcial2Web", "Parcial2Web\Parcial2Web.csproj", "{3E24B61A-91E3-4D5B-8655-69327D8390FF}"
EndProject
Global
	GlobalSection(SolutionConfigurationPlatforms) = preSolution
		Debug|Any CPU = Debug|Any CPU
		Release|Any CPU = Release|Any CPU
	EndGlobalSection
	GlobalSection(ProjectConfigurationPlatforms) = postSolution
		{3E24B61A-91E3-4D5B-8655-69327D8390FF}.Debug|Any CPU.ActiveCfg = Debug|Any CPU
		{3E24B61A-91E3-4D5B-8655-69327D8390FF}.Debug|Any CPU.Build.0 = Debug|Any CPU
		{3E24B61A-91E3-4D5B-8655-69327D8390FF}.Release|Any CPU.ActiveCfg = Release|Any CPU
		{3E24B61A-91E3-4D5B-8655-69327D8390FF}.Release|Any CPU.Build.0 = Release|Any CPU
	EndGlobalSection
	GlobalSection(SolutionProperties) = preSolution
		HideSolutionNode = FALSE
	EndGlobalSection
	GlobalSection(ExtensibilityGlobals) = postSolution
		SolutionGuid = {6A60EB00-A534-4A21-8E10-A83BD059F3DF}
	EndGlobalSection
EndGlobal
