
Microsoft Visual Studio Solution File, Format Version 12.00
# Visual Studio Version 17
VisualStudioVersion = 17.8.34330.188
MinimumVisualStudioVersion = 10.0.40219.1
Project("{FAE04EC0-301F-11D3-BF4B-00C04F79EFBC}") = "DVExpresss", "DVExpresss\DVExpresss.csproj", "{BC28A633-C84A-4072-9843-38D10086F0A2}"
EndProject
Global
	GlobalSection(SolutionConfigurationPlatforms) = preSolution
		Debug|Any CPU = Debug|Any CPU
		Release|Any CPU = Release|Any CPU
	EndGlobalSection
	GlobalSection(ProjectConfigurationPlatforms) = postSolution
		{BC28A633-C84A-4072-9843-38D10086F0A2}.Debug|Any CPU.ActiveCfg = Debug|Any CPU
		{BC28A633-C84A-4072-9843-38D10086F0A2}.Debug|Any CPU.Build.0 = Debug|Any CPU
		{BC28A633-C84A-4072-9843-38D10086F0A2}.Release|Any CPU.ActiveCfg = Release|Any CPU
		{BC28A633-C84A-4072-9843-38D10086F0A2}.Release|Any CPU.Build.0 = Release|Any CPU
	EndGlobalSection
	GlobalSection(SolutionProperties) = preSolution
		HideSolutionNode = FALSE
	EndGlobalSection
	GlobalSection(ExtensibilityGlobals) = postSolution
		SolutionGuid = {AA1E05A6-192B-4BC5-9210-3A07FD37EF2A}
	EndGlobalSection
EndGlobal
