
Microsoft Visual Studio Solution File, Format Version 12.00
# Visual Studio Version 17
VisualStudioVersion = 17.8.34330.188
MinimumVisualStudioVersion = 10.0.40219.1
Project("{FAE04EC0-301F-11D3-BF4B-00C04F79EFBC}") = "LINQ", "LINQ\LINQ.csproj", "{D17B2DA3-5370-4782-AFD0-CA2E17676863}"
EndProject
Global
	GlobalSection(SolutionConfigurationPlatforms) = preSolution
		Debug|Any CPU = Debug|Any CPU
		Release|Any CPU = Release|Any CPU
	EndGlobalSection
	GlobalSection(ProjectConfigurationPlatforms) = postSolution
		{D17B2DA3-5370-4782-AFD0-CA2E17676863}.Debug|Any CPU.ActiveCfg = Debug|Any CPU
		{D17B2DA3-5370-4782-AFD0-CA2E17676863}.Debug|Any CPU.Build.0 = Debug|Any CPU
		{D17B2DA3-5370-4782-AFD0-CA2E17676863}.Release|Any CPU.ActiveCfg = Release|Any CPU
		{D17B2DA3-5370-4782-AFD0-CA2E17676863}.Release|Any CPU.Build.0 = Release|Any CPU
	EndGlobalSection
	GlobalSection(SolutionProperties) = preSolution
		HideSolutionNode = FALSE
	EndGlobalSection
	GlobalSection(ExtensibilityGlobals) = postSolution
		SolutionGuid = {5BE7FA8C-F9F1-4610-A2F7-697B219B4333}
	EndGlobalSection
EndGlobal
